// !$*UTF8*$!
{
	archiveVersion = 1;
	classes = {
	};
	objectVersion = 56;
	objects = {

/* Begin PBXBuildFile section */
		F505A2D22C0673E500BE1933 /* HTMLContent.swift in Sources */ = {isa = PBXBuildFile; fileRef = F505A2D12C0673E500BE1933 /* HTMLContent.swift */; };
		F505A2D42C06C5E400BE1933 /* Localizable.xcstrings in Resources */ = {isa = PBXBuildFile; fileRef = F505A2D32C06C5E400BE1933 /* Localizable.xcstrings */; };
		F505A2E12C0758B400BE1933 /* FloatingTextField.swift in Sources */ = {isa = PBXBuildFile; fileRef = F505A2E02C0758B400BE1933 /* FloatingTextField.swift */; };
		F55B746F2C03F0B900A572AD /* TrialLessonForm.swift in Sources */ = {isa = PBXBuildFile; fileRef = F55B746E2C03F0B900A572AD /* TrialLessonForm.swift */; };
		F585EBEA2C05721D001F3985 /* FirestoreService.swift in Sources */ = {isa = PBXBuildFile; fileRef = F585EBE92C05721D001F3985 /* FirestoreService.swift */; };
		F585EBED2C05765D001F3985 /* FirebaseAnalyticsSwift in Frameworks */ = {isa = PBXBuildFile; productRef = F585EBEC2C05765D001F3985 /* FirebaseAnalyticsSwift */; };
		F585EBEF2C05765D001F3985 /* FirebaseAuth in Frameworks */ = {isa = PBXBuildFile; productRef = F585EBEE2C05765D001F3985 /* FirebaseAuth */; };
		F585EBF12C05765D001F3985 /* FirebaseCrashlytics in Frameworks */ = {isa = PBXBuildFile; productRef = F585EBF02C05765D001F3985 /* FirebaseCrashlytics */; };
		F585EBF32C05765D001F3985 /* FirebaseFirestoreSwift in Frameworks */ = {isa = PBXBuildFile; productRef = F585EBF22C05765D001F3985 /* FirebaseFirestoreSwift */; };
		F585EBF52C05765D001F3985 /* FirebaseMessaging in Frameworks */ = {isa = PBXBuildFile; productRef = F585EBF42C05765D001F3985 /* FirebaseMessaging */; };
		F585EBF72C05765D001F3985 /* FirebaseStorage in Frameworks */ = {isa = PBXBuildFile; productRef = F585EBF62C05765D001F3985 /* FirebaseStorage */; };
		F58C01C02C037745001D76F0 /* Assets.xcassets in Resources */ = {isa = PBXBuildFile; fileRef = F58C01BF2C037745001D76F0 /* Assets.xcassets */; };
		F58C01C32C037745001D76F0 /* Preview Assets.xcassets in Resources */ = {isa = PBXBuildFile; fileRef = F58C01C22C037745001D76F0 /* Preview Assets.xcassets */; };
		F58C01CD2C037745001D76F0 /* KulibinClubTests.swift in Sources */ = {isa = PBXBuildFile; fileRef = F58C01CC2C037745001D76F0 /* KulibinClubTests.swift */; };
		F58C01D72C037746001D76F0 /* KulibinClubUITests.swift in Sources */ = {isa = PBXBuildFile; fileRef = F58C01D62C037746001D76F0 /* KulibinClubUITests.swift */; };
		F58C01D92C037746001D76F0 /* KulibinClubUITestsLaunchTests.swift in Sources */ = {isa = PBXBuildFile; fileRef = F58C01D82C037746001D76F0 /* KulibinClubUITestsLaunchTests.swift */; };
		F58C01E92C037771001D76F0 /* GoogleService-Info.plist in Resources */ = {isa = PBXBuildFile; fileRef = F58C01E52C037771001D76F0 /* GoogleService-Info.plist */; };
		F58C02082C037994001D76F0 /* Models.swift in Sources */ = {isa = PBXBuildFile; fileRef = F58C02032C037993001D76F0 /* Models.swift */; };
		F58C02092C037994001D76F0 /* ContentView.swift in Sources */ = {isa = PBXBuildFile; fileRef = F58C02042C037993001D76F0 /* ContentView.swift */; };
		F58C020A2C037994001D76F0 /* ViewModels.swift in Sources */ = {isa = PBXBuildFile; fileRef = F58C02052C037993001D76F0 /* ViewModels.swift */; };
		F58C020B2C037994001D76F0 /* AuthView.swift in Sources */ = {isa = PBXBuildFile; fileRef = F58C02062C037993001D76F0 /* AuthView.swift */; };
		F58C020C2C037994001D76F0 /* KulibinClubApp.swift in Sources */ = {isa = PBXBuildFile; fileRef = F58C02072C037993001D76F0 /* KulibinClubApp.swift */; };
		F58C020E2C037CBE001D76F0 /* NotificationsView.swift in Sources */ = {isa = PBXBuildFile; fileRef = F58C020D2C037CBE001D76F0 /* NotificationsView.swift */; };
		F58C02102C037D27001D76F0 /* SettingsView.swift in Sources */ = {isa = PBXBuildFile; fileRef = F58C020F2C037D27001D76F0 /* SettingsView.swift */; };
		F58C02142C03804C001D76F0 /* Cources.swift in Sources */ = {isa = PBXBuildFile; fileRef = F58C02132C03804C001D76F0 /* Cources.swift */; };
		F58C02162C03806A001D76F0 /* History.swift in Sources */ = {isa = PBXBuildFile; fileRef = F58C02152C03806A001D76F0 /* History.swift */; };
		F58C02192C038116001D76F0 /* News.swift in Sources */ = {isa = PBXBuildFile; fileRef = F58C02182C038116001D76F0 /* News.swift */; };
		F58C021B2C03827A001D76F0 /* Bonus.swift in Sources */ = {isa = PBXBuildFile; fileRef = F58C021A2C03827A001D76F0 /* Bonus.swift */; };
		F58C021D2C0382BF001D76F0 /* Events.swift in Sources */ = {isa = PBXBuildFile; fileRef = F58C021C2C0382BF001D76F0 /* Events.swift */; };
		F58C021F2C0383C6001D76F0 /* FAQ.swift in Sources */ = {isa = PBXBuildFile; fileRef = F58C021E2C0383C6001D76F0 /* FAQ.swift */; };
		F58C02212C038421001D76F0 /* ProductList.swift in Sources */ = {isa = PBXBuildFile; fileRef = F58C02202C038421001D76F0 /* ProductList.swift */; };
		F58C022C2C039F34001D76F0 /* HeaderView.swift in Sources */ = {isa = PBXBuildFile; fileRef = F58C022B2C039F34001D76F0 /* HeaderView.swift */; };
		F58C022E2C03A3BA001D76F0 /* MainPage.swift in Sources */ = {isa = PBXBuildFile; fileRef = F58C022D2C03A3BA001D76F0 /* MainPage.swift */; };
		F58C02302C03A3ED001D76F0 /* SideMenu.swift in Sources */ = {isa = PBXBuildFile; fileRef = F58C022F2C03A3ED001D76F0 /* SideMenu.swift */; };
		F5EA0B9D2C2D888E009FEBEE /* FlomniChat.xcframework in Frameworks */ = {isa = PBXBuildFile; fileRef = F5EA0B9B2C2D8830009FEBEE /* FlomniChat.xcframework */; };
		F5EA0B9E2C2D888E009FEBEE /* FlomniChat.xcframework in Embed Frameworks */ = {isa = PBXBuildFile; fileRef = F5EA0B9B2C2D8830009FEBEE /* FlomniChat.xcframework */; settings = {ATTRIBUTES = (CodeSignOnCopy, RemoveHeadersOnCopy, ); }; };
/* End PBXBuildFile section */

/* Begin PBXContainerItemProxy section */
		F58C01C92C037745001D76F0 /* PBXContainerItemProxy */ = {
			isa = PBXContainerItemProxy;
			containerPortal = F58C01AE2C037744001D76F0 /* Project object */;
			proxyType = 1;
			remoteGlobalIDString = F58C01B52C037744001D76F0;
			remoteInfo = KulibinClub;
		};
		F58C01D32C037745001D76F0 /* PBXContainerItemProxy */ = {
			isa = PBXContainerItemProxy;
			containerPortal = F58C01AE2C037744001D76F0 /* Project object */;
			proxyType = 1;
			remoteGlobalIDString = F58C01B52C037744001D76F0;
			remoteInfo = KulibinClub;
		};
/* End PBXContainerItemProxy section */

/* Begin PBXCopyFilesBuildPhase section */
		F505A2DC2C07573100BE1933 /* Embed Frameworks */ = {
			isa = PBXCopyFilesBuildPhase;
			buildActionMask = 2147483647;
			dstPath = "";
			dstSubfolderSpec = 10;
			files = (
				F5EA0B9E2C2D888E009FEBEE /* FlomniChat.xcframework in Embed Frameworks */,
			);
			name = "Embed Frameworks";
			runOnlyForDeploymentPostprocessing = 0;
		};
/* End PBXCopyFilesBuildPhase section */

/* Begin PBXFileReference section */
		F505A2D12C0673E500BE1933 /* HTMLContent.swift */ = {isa = PBXFileReference; lastKnownFileType = sourcecode.swift; path = HTMLContent.swift; sourceTree = "<group>"; };
		F505A2D32C06C5E400BE1933 /* Localizable.xcstrings */ = {isa = PBXFileReference; lastKnownFileType = text.json.xcstrings; path = Localizable.xcstrings; sourceTree = "<group>"; };
		F505A2E02C0758B400BE1933 /* FloatingTextField.swift */ = {isa = PBXFileReference; fileEncoding = 4; lastKnownFileType = sourcecode.swift; path = FloatingTextField.swift; sourceTree = "<group>"; };
		F55B746E2C03F0B900A572AD /* TrialLessonForm.swift */ = {isa = PBXFileReference; lastKnownFileType = sourcecode.swift; path = TrialLessonForm.swift; sourceTree = "<group>"; };
		F585EBE92C05721D001F3985 /* FirestoreService.swift */ = {isa = PBXFileReference; lastKnownFileType = sourcecode.swift; path = FirestoreService.swift; sourceTree = "<group>"; };
		F58C01B62C037744001D76F0 /* KulibinClub.app */ = {isa = PBXFileReference; explicitFileType = wrapper.application; includeInIndex = 0; path = KulibinClub.app; sourceTree = BUILT_PRODUCTS_DIR; };
		F58C01B92C037744001D76F0 /* App.swift */ = {isa = PBXFileReference; lastKnownFileType = sourcecode.swift; path = App.swift; sourceTree = "<group>"; };
		F58C01BB2C037744001D76F0 /* ModelContextContentView.swift */ = {isa = PBXFileReference; lastKnownFileType = sourcecode.swift; path = ModelContextContentView.swift; sourceTree = "<group>"; };
		F58C01BD2C037744001D76F0 /* Item.swift */ = {isa = PBXFileReference; lastKnownFileType = sourcecode.swift; path = Item.swift; sourceTree = "<group>"; };
		F58C01BF2C037745001D76F0 /* Assets.xcassets */ = {isa = PBXFileReference; lastKnownFileType = folder.assetcatalog; path = Assets.xcassets; sourceTree = "<group>"; };
		F58C01C22C037745001D76F0 /* Preview Assets.xcassets */ = {isa = PBXFileReference; lastKnownFileType = folder.assetcatalog; path = "Preview Assets.xcassets"; sourceTree = "<group>"; };
		F58C01C82C037745001D76F0 /* KulibinClubTests.xctest */ = {isa = PBXFileReference; explicitFileType = wrapper.cfbundle; includeInIndex = 0; path = KulibinClubTests.xctest; sourceTree = BUILT_PRODUCTS_DIR; };
		F58C01CC2C037745001D76F0 /* KulibinClubTests.swift */ = {isa = PBXFileReference; lastKnownFileType = sourcecode.swift; path = KulibinClubTests.swift; sourceTree = "<group>"; };
		F58C01D22C037745001D76F0 /* KulibinClubUITests.xctest */ = {isa = PBXFileReference; explicitFileType = wrapper.cfbundle; includeInIndex = 0; path = KulibinClubUITests.xctest; sourceTree = BUILT_PRODUCTS_DIR; };
		F58C01D62C037746001D76F0 /* KulibinClubUITests.swift */ = {isa = PBXFileReference; lastKnownFileType = sourcecode.swift; path = KulibinClubUITests.swift; sourceTree = "<group>"; };
		F58C01D82C037746001D76F0 /* KulibinClubUITestsLaunchTests.swift */ = {isa = PBXFileReference; lastKnownFileType = sourcecode.swift; path = KulibinClubUITestsLaunchTests.swift; sourceTree = "<group>"; };
		F58C01E52C037771001D76F0 /* GoogleService-Info.plist */ = {isa = PBXFileReference; fileEncoding = 4; lastKnownFileType = text.plist.xml; path = "GoogleService-Info.plist"; sourceTree = "<group>"; };
		F58C01EF2C0377AF001D76F0 /* Info.plist */ = {isa = PBXFileReference; lastKnownFileType = text.plist.xml; path = Info.plist; sourceTree = "<group>"; };
		F58C01F02C0377C0001D76F0 /* KulibinClub.entitlements */ = {isa = PBXFileReference; lastKnownFileType = text.plist.entitlements; path = KulibinClub.entitlements; sourceTree = "<group>"; };
		F58C02032C037993001D76F0 /* Models.swift */ = {isa = PBXFileReference; fileEncoding = 4; lastKnownFileType = sourcecode.swift; path = Models.swift; sourceTree = "<group>"; };
		F58C02042C037993001D76F0 /* ContentView.swift */ = {isa = PBXFileReference; fileEncoding = 4; lastKnownFileType = sourcecode.swift; path = ContentView.swift; sourceTree = "<group>"; };
		F58C02052C037993001D76F0 /* ViewModels.swift */ = {isa = PBXFileReference; fileEncoding = 4; lastKnownFileType = sourcecode.swift; path = ViewModels.swift; sourceTree = "<group>"; };
		F58C02062C037993001D76F0 /* AuthView.swift */ = {isa = PBXFileReference; fileEncoding = 4; lastKnownFileType = sourcecode.swift; path = AuthView.swift; sourceTree = "<group>"; };
		F58C02072C037993001D76F0 /* KulibinClubApp.swift */ = {isa = PBXFileReference; fileEncoding = 4; lastKnownFileType = sourcecode.swift; path = KulibinClubApp.swift; sourceTree = "<group>"; };
		F58C020D2C037CBE001D76F0 /* NotificationsView.swift */ = {isa = PBXFileReference; lastKnownFileType = sourcecode.swift; path = NotificationsView.swift; sourceTree = "<group>"; };
		F58C020F2C037D27001D76F0 /* SettingsView.swift */ = {isa = PBXFileReference; lastKnownFileType = sourcecode.swift; path = SettingsView.swift; sourceTree = "<group>"; };
		F58C02132C03804C001D76F0 /* Cources.swift */ = {isa = PBXFileReference; lastKnownFileType = sourcecode.swift; path = Cources.swift; sourceTree = "<group>"; };
		F58C02152C03806A001D76F0 /* History.swift */ = {isa = PBXFileReference; lastKnownFileType = sourcecode.swift; path = History.swift; sourceTree = "<group>"; };
		F58C02182C038116001D76F0 /* News.swift */ = {isa = PBXFileReference; lastKnownFileType = sourcecode.swift; path = News.swift; sourceTree = "<group>"; };
		F58C021A2C03827A001D76F0 /* Bonus.swift */ = {isa = PBXFileReference; lastKnownFileType = sourcecode.swift; path = Bonus.swift; sourceTree = "<group>"; };
		F58C021C2C0382BF001D76F0 /* Events.swift */ = {isa = PBXFileReference; lastKnownFileType = sourcecode.swift; path = Events.swift; sourceTree = "<group>"; };
		F58C021E2C0383C6001D76F0 /* FAQ.swift */ = {isa = PBXFileReference; lastKnownFileType = sourcecode.swift; path = FAQ.swift; sourceTree = "<group>"; };
		F58C02202C038421001D76F0 /* ProductList.swift */ = {isa = PBXFileReference; lastKnownFileType = sourcecode.swift; path = ProductList.swift; sourceTree = "<group>"; };
		F58C022B2C039F34001D76F0 /* HeaderView.swift */ = {isa = PBXFileReference; lastKnownFileType = sourcecode.swift; path = HeaderView.swift; sourceTree = "<group>"; };
		F58C022D2C03A3BA001D76F0 /* MainPage.swift */ = {isa = PBXFileReference; lastKnownFileType = sourcecode.swift; path = MainPage.swift; sourceTree = "<group>"; };
		F58C022F2C03A3ED001D76F0 /* SideMenu.swift */ = {isa = PBXFileReference; lastKnownFileType = sourcecode.swift; path = SideMenu.swift; sourceTree = "<group>"; };
		F5EA0B9B2C2D8830009FEBEE /* FlomniChat.xcframework */ = {isa = PBXFileReference; lastKnownFileType = wrapper.xcframework; path = FlomniChat.xcframework; sourceTree = "<group>"; };
/* End PBXFileReference section */

/* Begin PBXFrameworksBuildPhase section */
		F58C01B32C037744001D76F0 /* Frameworks */ = {
			isa = PBXFrameworksBuildPhase;
			buildActionMask = 2147483647;
			files = (
				F585EBF52C05765D001F3985 /* FirebaseMessaging in Frameworks */,
				F585EBF32C05765D001F3985 /* FirebaseFirestoreSwift in Frameworks */,
				F5EA0B9D2C2D888E009FEBEE /* FlomniChat.xcframework in Frameworks */,
				F585EBED2C05765D001F3985 /* FirebaseAnalyticsSwift in Frameworks */,
				F585EBF12C05765D001F3985 /* FirebaseCrashlytics in Frameworks */,
				F585EBF72C05765D001F3985 /* FirebaseStorage in Frameworks */,
				F585EBEF2C05765D001F3985 /* FirebaseAuth in Frameworks */,
			);
			runOnlyForDeploymentPostprocessing = 0;
		};
		F58C01C52C037745001D76F0 /* Frameworks */ = {
			isa = PBXFrameworksBuildPhase;
			buildActionMask = 2147483647;
			files = (
			);
			runOnlyForDeploymentPostprocessing = 0;
		};
		F58C01CF2C037745001D76F0 /* Frameworks */ = {
			isa = PBXFrameworksBuildPhase;
			buildActionMask = 2147483647;
			files = (
			);
			runOnlyForDeploymentPostprocessing = 0;
		};
/* End PBXFrameworksBuildPhase section */

/* Begin PBXGroup section */
		F55B746D2C03F09B00A572AD /* Main Page */ = {
			isa = PBXGroup;
			children = (
				F58C022D2C03A3BA001D76F0 /* MainPage.swift */,
				F55B746E2C03F0B900A572AD /* TrialLessonForm.swift */,
			);
			path = "Main Page";
			sourceTree = "<group>";
		};
		F58C01AD2C037744001D76F0 = {
			isa = PBXGroup;
			children = (
				F58C01B82C037744001D76F0 /* KulibinClub */,
				F58C01CB2C037745001D76F0 /* KulibinClubTests */,
				F58C01D52C037746001D76F0 /* KulibinClubUITests */,
				F58C01B72C037744001D76F0 /* Products */,
			);
			sourceTree = "<group>";
		};
		F58C01B72C037744001D76F0 /* Products */ = {
			isa = PBXGroup;
			children = (
				F58C01B62C037744001D76F0 /* KulibinClub.app */,
				F58C01C82C037745001D76F0 /* KulibinClubTests.xctest */,
				F58C01D22C037745001D76F0 /* KulibinClubUITests.xctest */,
			);
			name = Products;
			sourceTree = "<group>";
		};
		F58C01B82C037744001D76F0 /* KulibinClub */ = {
			isa = PBXGroup;
			children = (
				F58C01F02C0377C0001D76F0 /* KulibinClub.entitlements */,
				F58C02072C037993001D76F0 /* KulibinClubApp.swift */,
				F58C02042C037993001D76F0 /* ContentView.swift */,
				F55B746D2C03F09B00A572AD /* Main Page */,
				F58C022F2C03A3ED001D76F0 /* SideMenu.swift */,
				F58C022B2C039F34001D76F0 /* HeaderView.swift */,
				F58C02172C038073001D76F0 /* Modules */,
				F58C020D2C037CBE001D76F0 /* NotificationsView.swift */,
				F58C020F2C037D27001D76F0 /* SettingsView.swift */,
				F58C02062C037993001D76F0 /* AuthView.swift */,
				F585EBE92C05721D001F3985 /* FirestoreService.swift */,
				F505A2E02C0758B400BE1933 /* FloatingTextField.swift */,
				F505A2D12C0673E500BE1933 /* HTMLContent.swift */,
				F58C02032C037993001D76F0 /* Models.swift */,
				F58C02052C037993001D76F0 /* ViewModels.swift */,
				F5EA0B9B2C2D8830009FEBEE /* FlomniChat.xcframework */,
				F58C01E82C037771001D76F0 /* Resources */,
				F58C01C12C037745001D76F0 /* Preview Content */,
			);
			path = KulibinClub;
			sourceTree = "<group>";
		};
		F58C01C12C037745001D76F0 /* Preview Content */ = {
			isa = PBXGroup;
			children = (
				F58C01B92C037744001D76F0 /* App.swift */,
				F58C01BB2C037744001D76F0 /* ModelContextContentView.swift */,
				F58C01BD2C037744001D76F0 /* Item.swift */,
				F58C01C22C037745001D76F0 /* Preview Assets.xcassets */,
			);
			path = "Preview Content";
			sourceTree = "<group>";
		};
		F58C01CB2C037745001D76F0 /* KulibinClubTests */ = {
			isa = PBXGroup;
			children = (
				F58C01CC2C037745001D76F0 /* KulibinClubTests.swift */,
			);
			path = KulibinClubTests;
			sourceTree = "<group>";
		};
		F58C01D52C037746001D76F0 /* KulibinClubUITests */ = {
			isa = PBXGroup;
			children = (
				F58C01D62C037746001D76F0 /* KulibinClubUITests.swift */,
				F58C01D82C037746001D76F0 /* KulibinClubUITestsLaunchTests.swift */,
			);
			path = KulibinClubUITests;
			sourceTree = "<group>";
		};
		F58C01E82C037771001D76F0 /* Resources */ = {
			isa = PBXGroup;
			children = (
				F58C01EF2C0377AF001D76F0 /* Info.plist */,
				F58C01E52C037771001D76F0 /* GoogleService-Info.plist */,
				F58C01BF2C037745001D76F0 /* Assets.xcassets */,
				F505A2D32C06C5E400BE1933 /* Localizable.xcstrings */,
			);
			path = Resources;
			sourceTree = "<group>";
		};
		F58C02172C038073001D76F0 /* Modules */ = {
			isa = PBXGroup;
			children = (
				F58C02132C03804C001D76F0 /* Cources.swift */,
				F58C02152C03806A001D76F0 /* History.swift */,
				F58C02182C038116001D76F0 /* News.swift */,
				F58C021C2C0382BF001D76F0 /* Events.swift */,
				F58C021A2C03827A001D76F0 /* Bonus.swift */,
				F58C021E2C0383C6001D76F0 /* FAQ.swift */,
				F58C02202C038421001D76F0 /* ProductList.swift */,
			);
			path = Modules;
			sourceTree = "<group>";
		};
/* End PBXGroup section */

/* Begin PBXNativeTarget section */
		F58C01B52C037744001D76F0 /* KulibinClub */ = {
			isa = PBXNativeTarget;
			buildConfigurationList = F58C01DC2C037746001D76F0 /* Build configuration list for PBXNativeTarget "KulibinClub" */;
			buildPhases = (
				F58C01B22C037744001D76F0 /* Sources */,
				F58C01B32C037744001D76F0 /* Frameworks */,
				F58C01B42C037744001D76F0 /* Resources */,
				F505A2DC2C07573100BE1933 /* Embed Frameworks */,
			);
			buildRules = (
			);
			dependencies = (
			);
			name = KulibinClub;
			packageProductDependencies = (
				F585EBEC2C05765D001F3985 /* FirebaseAnalyticsSwift */,
				F585EBEE2C05765D001F3985 /* FirebaseAuth */,
				F585EBF02C05765D001F3985 /* FirebaseCrashlytics */,
				F585EBF22C05765D001F3985 /* FirebaseFirestoreSwift */,
				F585EBF42C05765D001F3985 /* FirebaseMessaging */,
				F585EBF62C05765D001F3985 /* FirebaseStorage */,
			);
			productName = KulibinClub;
			productReference = F58C01B62C037744001D76F0 /* KulibinClub.app */;
			productType = "com.apple.product-type.application";
		};
		F58C01C72C037745001D76F0 /* KulibinClubTests */ = {
			isa = PBXNativeTarget;
			buildConfigurationList = F58C01DF2C037746001D76F0 /* Build configuration list for PBXNativeTarget "KulibinClubTests" */;
			buildPhases = (
				F58C01C42C037745001D76F0 /* Sources */,
				F58C01C52C037745001D76F0 /* Frameworks */,
				F58C01C62C037745001D76F0 /* Resources */,
			);
			buildRules = (
			);
			dependencies = (
				F58C01CA2C037745001D76F0 /* PBXTargetDependency */,
			);
			name = KulibinClubTests;
			productName = KulibinClubTests;
			productReference = F58C01C82C037745001D76F0 /* KulibinClubTests.xctest */;
			productType = "com.apple.product-type.bundle.unit-test";
		};
		F58C01D12C037745001D76F0 /* KulibinClubUITests */ = {
			isa = PBXNativeTarget;
			buildConfigurationList = F58C01E22C037746001D76F0 /* Build configuration list for PBXNativeTarget "KulibinClubUITests" */;
			buildPhases = (
				F58C01CE2C037745001D76F0 /* Sources */,
				F58C01CF2C037745001D76F0 /* Frameworks */,
				F58C01D02C037745001D76F0 /* Resources */,
			);
			buildRules = (
			);
			dependencies = (
				F58C01D42C037745001D76F0 /* PBXTargetDependency */,
			);
			name = KulibinClubUITests;
			productName = KulibinClubUITests;
			productReference = F58C01D22C037745001D76F0 /* KulibinClubUITests.xctest */;
			productType = "com.apple.product-type.bundle.ui-testing";
		};
/* End PBXNativeTarget section */

/* Begin PBXProject section */
		F58C01AE2C037744001D76F0 /* Project object */ = {
			isa = PBXProject;
			attributes = {
				BuildIndependentTargetsInParallel = 1;
				LastSwiftUpdateCheck = 1540;
				LastUpgradeCheck = 1540;
				TargetAttributes = {
					F58C01B52C037744001D76F0 = {
						CreatedOnToolsVersion = 15.4;
					};
					F58C01C72C037745001D76F0 = {
						CreatedOnToolsVersion = 15.4;
						TestTargetID = F58C01B52C037744001D76F0;
					};
					F58C01D12C037745001D76F0 = {
						CreatedOnToolsVersion = 15.4;
						TestTargetID = F58C01B52C037744001D76F0;
					};
				};
			};
			buildConfigurationList = F58C01B12C037744001D76F0 /* Build configuration list for PBXProject "KulibinClub" */;
			compatibilityVersion = "Xcode 14.0";
			developmentRegion = en;
			hasScannedForEncodings = 0;
			knownRegions = (
				en,
				Base,
				ru,
			);
			mainGroup = F58C01AD2C037744001D76F0;
			packageReferences = (
				F585EBEB2C05765D001F3985 /* XCRemoteSwiftPackageReference "firebase-ios-sdk" */,
			);
			productRefGroup = F58C01B72C037744001D76F0 /* Products */;
			projectDirPath = "";
			projectRoot = "";
			targets = (
				F58C01B52C037744001D76F0 /* KulibinClub */,
				F58C01C72C037745001D76F0 /* KulibinClubTests */,
				F58C01D12C037745001D76F0 /* KulibinClubUITests */,
			);
		};
/* End PBXProject section */

/* Begin PBXResourcesBuildPhase section */
		F58C01B42C037744001D76F0 /* Resources */ = {
			isa = PBXResourcesBuildPhase;
			buildActionMask = 2147483647;
			files = (
				F58C01C32C037745001D76F0 /* Preview Assets.xcassets in Resources */,
				F505A2D42C06C5E400BE1933 /* Localizable.xcstrings in Resources */,
				F58C01C02C037745001D76F0 /* Assets.xcassets in Resources */,
				F58C01E92C037771001D76F0 /* GoogleService-Info.plist in Resources */,
			);
			runOnlyForDeploymentPostprocessing = 0;
		};
		F58C01C62C037745001D76F0 /* Resources */ = {
			isa = PBXResourcesBuildPhase;
			buildActionMask = 2147483647;
			files = (
			);
			runOnlyForDeploymentPostprocessing = 0;
		};
		F58C01D02C037745001D76F0 /* Resources */ = {
			isa = PBXResourcesBuildPhase;
			buildActionMask = 2147483647;
			files = (
			);
			runOnlyForDeploymentPostprocessing = 0;
		};
/* End PBXResourcesBuildPhase section */

/* Begin PBXSourcesBuildPhase section */
		F58C01B22C037744001D76F0 /* Sources */ = {
			isa = PBXSourcesBuildPhase;
			buildActionMask = 2147483647;
			files = (
				F58C021D2C0382BF001D76F0 /* Events.swift in Sources */,
				F58C02102C037D27001D76F0 /* SettingsView.swift in Sources */,
				F58C02212C038421001D76F0 /* ProductList.swift in Sources */,
				F58C02302C03A3ED001D76F0 /* SideMenu.swift in Sources */,
				F505A2E12C0758B400BE1933 /* FloatingTextField.swift in Sources */,
				F58C020B2C037994001D76F0 /* AuthView.swift in Sources */,
				F58C021F2C0383C6001D76F0 /* FAQ.swift in Sources */,
				F58C020A2C037994001D76F0 /* ViewModels.swift in Sources */,
				F58C02162C03806A001D76F0 /* History.swift in Sources */,
				F58C021B2C03827A001D76F0 /* Bonus.swift in Sources */,
				F58C02142C03804C001D76F0 /* Cources.swift in Sources */,
				F58C022E2C03A3BA001D76F0 /* MainPage.swift in Sources */,
				F58C02192C038116001D76F0 /* News.swift in Sources */,
				F505A2D22C0673E500BE1933 /* HTMLContent.swift in Sources */,
				F58C02092C037994001D76F0 /* ContentView.swift in Sources */,
				F58C020C2C037994001D76F0 /* KulibinClubApp.swift in Sources */,
				F55B746F2C03F0B900A572AD /* TrialLessonForm.swift in Sources */,
				F585EBEA2C05721D001F3985 /* FirestoreService.swift in Sources */,
				F58C02082C037994001D76F0 /* Models.swift in Sources */,
				F58C020E2C037CBE001D76F0 /* NotificationsView.swift in Sources */,
				F58C022C2C039F34001D76F0 /* HeaderView.swift in Sources */,
			);
			runOnlyForDeploymentPostprocessing = 0;
		};
		F58C01C42C037745001D76F0 /* Sources */ = {
			isa = PBXSourcesBuildPhase;
			buildActionMask = 2147483647;
			files = (
				F58C01CD2C037745001D76F0 /* KulibinClubTests.swift in Sources */,
			);
			runOnlyForDeploymentPostprocessing = 0;
		};
		F58C01CE2C037745001D76F0 /* Sources */ = {
			isa = PBXSourcesBuildPhase;
			buildActionMask = 2147483647;
			files = (
				F58C01D72C037746001D76F0 /* KulibinClubUITests.swift in Sources */,
				F58C01D92C037746001D76F0 /* KulibinClubUITestsLaunchTests.swift in Sources */,
			);
			runOnlyForDeploymentPostprocessing = 0;
		};
/* End PBXSourcesBuildPhase section */

/* Begin PBXTargetDependency section */
		F58C01CA2C037745001D76F0 /* PBXTargetDependency */ = {
			isa = PBXTargetDependency;
			target = F58C01B52C037744001D76F0 /* KulibinClub */;
			targetProxy = F58C01C92C037745001D76F0 /* PBXContainerItemProxy */;
		};
		F58C01D42C037745001D76F0 /* PBXTargetDependency */ = {
			isa = PBXTargetDependency;
			target = F58C01B52C037744001D76F0 /* KulibinClub */;
			targetProxy = F58C01D32C037745001D76F0 /* PBXContainerItemProxy */;
		};
/* End PBXTargetDependency section */

/* Begin XCBuildConfiguration section */
		F58C01DA2C037746001D76F0 /* Debug */ = {
			isa = XCBuildConfiguration;
			buildSettings = {
				ALWAYS_SEARCH_USER_PATHS = NO;
				ASSETCATALOG_COMPILER_GENERATE_SWIFT_ASSET_SYMBOL_EXTENSIONS = YES;
				CLANG_ANALYZER_LOCALIZABILITY_NONLOCALIZED = YES;
				CLANG_ANALYZER_NONNULL = YES;
				CLANG_ANALYZER_NUMBER_OBJECT_CONVERSION = YES_AGGRESSIVE;
				CLANG_CXX_LANGUAGE_STANDARD = "gnu++20";
				CLANG_ENABLE_MODULES = YES;
				CLANG_ENABLE_OBJC_ARC = YES;
				CLANG_ENABLE_OBJC_WEAK = YES;
				CLANG_WARN_BLOCK_CAPTURE_AUTORELEASING = YES;
				CLANG_WARN_BOOL_CONVERSION = YES;
				CLANG_WARN_COMMA = YES;
				CLANG_WARN_CONSTANT_CONVERSION = YES;
				CLANG_WARN_DEPRECATED_OBJC_IMPLEMENTATIONS = YES;
				CLANG_WARN_DIRECT_OBJC_ISA_USAGE = YES_ERROR;
				CLANG_WARN_DOCUMENTATION_COMMENTS = YES;
				CLANG_WARN_EMPTY_BODY = YES;
				CLANG_WARN_ENUM_CONVERSION = YES;
				CLANG_WARN_INFINITE_RECURSION = YES;
				CLANG_WARN_INT_CONVERSION = YES;
				CLANG_WARN_NON_LITERAL_NULL_CONVERSION = YES;
				CLANG_WARN_OBJC_IMPLICIT_RETAIN_SELF = YES;
				CLANG_WARN_OBJC_LITERAL_CONVERSION = YES;
				CLANG_WARN_OBJC_ROOT_CLASS = YES_ERROR;
				CLANG_WARN_QUOTED_INCLUDE_IN_FRAMEWORK_HEADER = YES;
				CLANG_WARN_RANGE_LOOP_ANALYSIS = YES;
				CLANG_WARN_STRICT_PROTOTYPES = YES;
				CLANG_WARN_SUSPICIOUS_MOVE = YES;
				CLANG_WARN_UNGUARDED_AVAILABILITY = YES_AGGRESSIVE;
				CLANG_WARN_UNREACHABLE_CODE = YES;
				CLANG_WARN__DUPLICATE_METHOD_MATCH = YES;
				COPY_PHASE_STRIP = NO;
				DEBUG_INFORMATION_FORMAT = dwarf;
				ENABLE_STRICT_OBJC_MSGSEND = YES;
				ENABLE_TESTABILITY = YES;
				ENABLE_USER_SCRIPT_SANDBOXING = YES;
				GCC_C_LANGUAGE_STANDARD = gnu17;
				GCC_DYNAMIC_NO_PIC = NO;
				GCC_NO_COMMON_BLOCKS = YES;
				GCC_OPTIMIZATION_LEVEL = 0;
				GCC_PREPROCESSOR_DEFINITIONS = (
					"DEBUG=1",
					"$(inherited)",
				);
				GCC_WARN_64_TO_32_BIT_CONVERSION = YES;
				GCC_WARN_ABOUT_RETURN_TYPE = YES_ERROR;
				GCC_WARN_UNDECLARED_SELECTOR = YES;
				GCC_WARN_UNINITIALIZED_AUTOS = YES_AGGRESSIVE;
				GCC_WARN_UNUSED_FUNCTION = YES;
				GCC_WARN_UNUSED_VARIABLE = YES;
				IPHONEOS_DEPLOYMENT_TARGET = 17.0;
				LOCALIZATION_PREFERS_STRING_CATALOGS = YES;
				MTL_ENABLE_DEBUG_INFO = INCLUDE_SOURCE;
				MTL_FAST_MATH = YES;
				ONLY_ACTIVE_ARCH = YES;
				SDKROOT = iphoneos;
				SWIFT_ACTIVE_COMPILATION_CONDITIONS = "DEBUG $(inherited)";
				SWIFT_OPTIMIZATION_LEVEL = "-Onone";
			};
			name = Debug;
		};
		F58C01DB2C037746001D76F0 /* Release */ = {
			isa = XCBuildConfiguration;
			buildSettings = {
				ALWAYS_SEARCH_USER_PATHS = NO;
				ASSETCATALOG_COMPILER_GENERATE_SWIFT_ASSET_SYMBOL_EXTENSIONS = YES;
				CLANG_ANALYZER_LOCALIZABILITY_NONLOCALIZED = YES;
				CLANG_ANALYZER_NONNULL = YES;
				CLANG_ANALYZER_NUMBER_OBJECT_CONVERSION = YES_AGGRESSIVE;
				CLANG_CXX_LANGUAGE_STANDARD = "gnu++20";
				CLANG_ENABLE_MODULES = YES;
				CLANG_ENABLE_OBJC_ARC = YES;
				CLANG_ENABLE_OBJC_WEAK = YES;
				CLANG_WARN_BLOCK_CAPTURE_AUTORELEASING = YES;
				CLANG_WARN_BOOL_CONVERSION = YES;
				CLANG_WARN_COMMA = YES;
				CLANG_WARN_CONSTANT_CONVERSION = YES;
				CLANG_WARN_DEPRECATED_OBJC_IMPLEMENTATIONS = YES;
				CLANG_WARN_DIRECT_OBJC_ISA_USAGE = YES_ERROR;
				CLANG_WARN_DOCUMENTATION_COMMENTS = YES;
				CLANG_WARN_EMPTY_BODY = YES;
				CLANG_WARN_ENUM_CONVERSION = YES;
				CLANG_WARN_INFINITE_RECURSION = YES;
				CLANG_WARN_INT_CONVERSION = YES;
				CLANG_WARN_NON_LITERAL_NULL_CONVERSION = YES;
				CLANG_WARN_OBJC_IMPLICIT_RETAIN_SELF = YES;
				CLANG_WARN_OBJC_LITERAL_CONVERSION = YES;
				CLANG_WARN_OBJC_ROOT_CLASS = YES_ERROR;
				CLANG_WARN_QUOTED_INCLUDE_IN_FRAMEWORK_HEADER = YES;
				CLANG_WARN_RANGE_LOOP_ANALYSIS = YES;
				CLANG_WARN_STRICT_PROTOTYPES = YES;
				CLANG_WARN_SUSPICIOUS_MOVE = YES;
				CLANG_WARN_UNGUARDED_AVAILABILITY = YES_AGGRESSIVE;
				CLANG_WARN_UNREACHABLE_CODE = YES;
				CLANG_WARN__DUPLICATE_METHOD_MATCH = YES;
				COPY_PHASE_STRIP = NO;
				DEBUG_INFORMATION_FORMAT = "dwarf-with-dsym";
				ENABLE_NS_ASSERTIONS = NO;
				ENABLE_STRICT_OBJC_MSGSEND = YES;
				ENABLE_USER_SCRIPT_SANDBOXING = YES;
				GCC_C_LANGUAGE_STANDARD = gnu17;
				GCC_NO_COMMON_BLOCKS = YES;
				GCC_WARN_64_TO_32_BIT_CONVERSION = YES;
				GCC_WARN_ABOUT_RETURN_TYPE = YES_ERROR;
				GCC_WARN_UNDECLARED_SELECTOR = YES;
				GCC_WARN_UNINITIALIZED_AUTOS = YES_AGGRESSIVE;
				GCC_WARN_UNUSED_FUNCTION = YES;
				GCC_WARN_UNUSED_VARIABLE = YES;
				IPHONEOS_DEPLOYMENT_TARGET = 17.0;
				LOCALIZATION_PREFERS_STRING_CATALOGS = YES;
				MTL_ENABLE_DEBUG_INFO = NO;
				MTL_FAST_MATH = YES;
				SDKROOT = iphoneos;
				SWIFT_COMPILATION_MODE = wholemodule;
				VALIDATE_PRODUCT = YES;
			};
			name = Release;
		};
		F58C01DD2C037746001D76F0 /* Debug */ = {
			isa = XCBuildConfiguration;
			buildSettings = {
				ASSETCATALOG_COMPILER_APPICON_NAME = AppIcon;
				ASSETCATALOG_COMPILER_GLOBAL_ACCENT_COLOR_NAME = AccentColor;
				CODE_SIGN_ENTITLEMENTS = KulibinClub/KulibinClub.entitlements;
				CODE_SIGN_STYLE = Automatic;
				CURRENT_PROJECT_VERSION = 1;
				DEVELOPMENT_ASSET_PATHS = "\"KulibinClub/Preview Content\"";
				DEVELOPMENT_TEAM = UB936SP78M;
				ENABLE_PREVIEWS = YES;
				FRAMEWORK_SEARCH_PATHS = (
					"$(inherited)",
					"$(PROJECT_DIR)/KulibinClub",
				);
				GENERATE_INFOPLIST_FILE = YES;
				INFOPLIST_FILE = KulibinClub/Resources/Info.plist;
				INFOPLIST_KEY_NSCameraUsageDescription = "For camera epta blya";
				INFOPLIST_KEY_UIApplicationSceneManifest_Generation = YES;
				INFOPLIST_KEY_UIApplicationSupportsIndirectInputEvents = YES;
				INFOPLIST_KEY_UILaunchScreen_Generation = YES;
				INFOPLIST_KEY_UISupportedInterfaceOrientations_iPad = "UIInterfaceOrientationPortrait UIInterfaceOrientationPortraitUpsideDown UIInterfaceOrientationLandscapeLeft UIInterfaceOrientationLandscapeRight";
				INFOPLIST_KEY_UISupportedInterfaceOrientations_iPhone = "UIInterfaceOrientationPortrait UIInterfaceOrientationLandscapeLeft UIInterfaceOrientationLandscapeRight";
				IPHONEOS_DEPLOYMENT_TARGET = 17.0;
				LD_RUNPATH_SEARCH_PATHS = (
					"$(inherited)",
					"@executable_path/Frameworks",
				);
				MARKETING_VERSION = 1.0;
				PRODUCT_BUNDLE_IDENTIFIER = com.kulibin.club;
				PRODUCT_NAME = "$(TARGET_NAME)";
				SUPPORTED_PLATFORMS = "iphoneos iphonesimulator";
				SUPPORTS_MACCATALYST = YES;
				SWIFT_EMIT_LOC_STRINGS = YES;
				SWIFT_VERSION = 5.0;
				TARGETED_DEVICE_FAMILY = "1,2";
			};
			name = Debug;
		};
		F58C01DE2C037746001D76F0 /* Release */ = {
			isa = XCBuildConfiguration;
			buildSettings = {
				ASSETCATALOG_COMPILER_APPICON_NAME = AppIcon;
				ASSETCATALOG_COMPILER_GLOBAL_ACCENT_COLOR_NAME = AccentColor;
				CODE_SIGN_ENTITLEMENTS = KulibinClub/KulibinClub.entitlements;
				CODE_SIGN_STYLE = Automatic;
				CURRENT_PROJECT_VERSION = 1;
				DEVELOPMENT_ASSET_PATHS = "\"KulibinClub/Preview Content\"";
				DEVELOPMENT_TEAM = UB936SP78M;
				ENABLE_PREVIEWS = YES;
				FRAMEWORK_SEARCH_PATHS = (
					"$(inherited)",
					"$(PROJECT_DIR)/KulibinClub",
				);
				GENERATE_INFOPLIST_FILE = YES;
				INFOPLIST_FILE = KulibinClub/Resources/Info.plist;
				INFOPLIST_KEY_NSCameraUsageDescription = "For camera epta blya";
				INFOPLIST_KEY_UIApplicationSceneManifest_Generation = YES;
				INFOPLIST_KEY_UIApplicationSupportsIndirectInputEvents = YES;
				INFOPLIST_KEY_UILaunchScreen_Generation = YES;
				INFOPLIST_KEY_UISupportedInterfaceOrientations_iPad = "UIInterfaceOrientationPortrait UIInterfaceOrientationPortraitUpsideDown UIInterfaceOrientationLandscapeLeft UIInterfaceOrientationLandscapeRight";
				INFOPLIST_KEY_UISupportedInterfaceOrientations_iPhone = "UIInterfaceOrientationPortrait UIInterfaceOrientationLandscapeLeft UIInterfaceOrientationLandscapeRight";
				IPHONEOS_DEPLOYMENT_TARGET = 17.0;
				LD_RUNPATH_SEARCH_PATHS = (
					"$(inherited)",
					"@executable_path/Frameworks",
				);
				MARKETING_VERSION = 1.0;
				PRODUCT_BUNDLE_IDENTIFIER = com.kulibin.club;
				PRODUCT_NAME = "$(TARGET_NAME)";
				SUPPORTED_PLATFORMS = "iphoneos iphonesimulator";
				SUPPORTS_MACCATALYST = YES;
				SWIFT_EMIT_LOC_STRINGS = YES;
				SWIFT_VERSION = 5.0;
				TARGETED_DEVICE_FAMILY = "1,2";
			};
			name = Release;
		};
		F58C01E02C037746001D76F0 /* Debug */ = {
			isa = XCBuildConfiguration;
			buildSettings = {
				ALWAYS_EMBED_SWIFT_STANDARD_LIBRARIES = YES;
				BUNDLE_LOADER = "$(TEST_HOST)";
				CODE_SIGN_STYLE = Automatic;
				CURRENT_PROJECT_VERSION = 1;
				DEVELOPMENT_TEAM = UB936SP78M;
				GENERATE_INFOPLIST_FILE = YES;
				IPHONEOS_DEPLOYMENT_TARGET = 17.5;
				MARKETING_VERSION = 1.0;
				PRODUCT_BUNDLE_IDENTIFIER = dev.nsfuntik.KulibinClubTests;
				PRODUCT_NAME = "$(TARGET_NAME)";
				SWIFT_EMIT_LOC_STRINGS = NO;
				SWIFT_VERSION = 5.0;
				TARGETED_DEVICE_FAMILY = "1,2";
				TEST_HOST = "$(BUILT_PRODUCTS_DIR)/KulibinClub.app/$(BUNDLE_EXECUTABLE_FOLDER_PATH)/KulibinClub";
			};
			name = Debug;
		};
		F58C01E12C037746001D76F0 /* Release */ = {
			isa = XCBuildConfiguration;
			buildSettings = {
				ALWAYS_EMBED_SWIFT_STANDARD_LIBRARIES = YES;
				BUNDLE_LOADER = "$(TEST_HOST)";
				CODE_SIGN_STYLE = Automatic;
				CURRENT_PROJECT_VERSION = 1;
				DEVELOPMENT_TEAM = UB936SP78M;
				GENERATE_INFOPLIST_FILE = YES;
				IPHONEOS_DEPLOYMENT_TARGET = 17.5;
				MARKETING_VERSION = 1.0;
				PRODUCT_BUNDLE_IDENTIFIER = dev.nsfuntik.KulibinClubTests;
				PRODUCT_NAME = "$(TARGET_NAME)";
				SWIFT_EMIT_LOC_STRINGS = NO;
				SWIFT_VERSION = 5.0;
				TARGETED_DEVICE_FAMILY = "1,2";
				TEST_HOST = "$(BUILT_PRODUCTS_DIR)/KulibinClub.app/$(BUNDLE_EXECUTABLE_FOLDER_PATH)/KulibinClub";
			};
			name = Release;
		};
		F58C01E32C037746001D76F0 /* Debug */ = {
			isa = XCBuildConfiguration;
			buildSettings = {
				ALWAYS_EMBED_SWIFT_STANDARD_LIBRARIES = YES;
				CODE_SIGN_STYLE = Automatic;
				CURRENT_PROJECT_VERSION = 1;
				DEVELOPMENT_TEAM = UB936SP78M;
				GENERATE_INFOPLIST_FILE = YES;
				MARKETING_VERSION = 1.0;
				PRODUCT_BUNDLE_IDENTIFIER = dev.nsfuntik.KulibinClubUITests;
				PRODUCT_NAME = "$(TARGET_NAME)";
				SWIFT_EMIT_LOC_STRINGS = NO;
				SWIFT_VERSION = 5.0;
				TARGETED_DEVICE_FAMILY = "1,2";
				TEST_TARGET_NAME = KulibinClub;
			};
			name = Debug;
		};
		F58C01E42C037746001D76F0 /* Release */ = {
			isa = XCBuildConfiguration;
			buildSettings = {
				ALWAYS_EMBED_SWIFT_STANDARD_LIBRARIES = YES;
				CODE_SIGN_STYLE = Automatic;
				CURRENT_PROJECT_VERSION = 1;
				DEVELOPMENT_TEAM = UB936SP78M;
				GENERATE_INFOPLIST_FILE = YES;
				MARKETING_VERSION = 1.0;
				PRODUCT_BUNDLE_IDENTIFIER = dev.nsfuntik.KulibinClubUITests;
				PRODUCT_NAME = "$(TARGET_NAME)";
				SWIFT_EMIT_LOC_STRINGS = NO;
				SWIFT_VERSION = 5.0;
				TARGETED_DEVICE_FAMILY = "1,2";
				TEST_TARGET_NAME = KulibinClub;
			};
			name = Release;
		};
/* End XCBuildConfiguration section */

/* Begin XCConfigurationList section */
		F58C01B12C037744001D76F0 /* Build configuration list for PBXProject "KulibinClub" */ = {
			isa = XCConfigurationList;
			buildConfigurations = (
				F58C01DA2C037746001D76F0 /* Debug */,
				F58C01DB2C037746001D76F0 /* Release */,
			);
			defaultConfigurationIsVisible = 0;
			defaultConfigurationName = Release;
		};
		F58C01DC2C037746001D76F0 /* Build configuration list for PBXNativeTarget "KulibinClub" */ = {
			isa = XCConfigurationList;
			buildConfigurations = (
				F58C01DD2C037746001D76F0 /* Debug */,
				F58C01DE2C037746001D76F0 /* Release */,
			);
			defaultConfigurationIsVisible = 0;
			defaultConfigurationName = Release;
		};
		F58C01DF2C037746001D76F0 /* Build configuration list for PBXNativeTarget "KulibinClubTests" */ = {
			isa = XCConfigurationList;
			buildConfigurations = (
				F58C01E02C037746001D76F0 /* Debug */,
				F58C01E12C037746001D76F0 /* Release */,
			);
			defaultConfigurationIsVisible = 0;
			defaultConfigurationName = Release;
		};
		F58C01E22C037746001D76F0 /* Build configuration list for PBXNativeTarget "KulibinClubUITests" */ = {
			isa = XCConfigurationList;
			buildConfigurations = (
				F58C01E32C037746001D76F0 /* Debug */,
				F58C01E42C037746001D76F0 /* Release */,
			);
			defaultConfigurationIsVisible = 0;
			defaultConfigurationName = Release;
		};
/* End XCConfigurationList section */

/* Begin XCRemoteSwiftPackageReference section */
		F585EBEB2C05765D001F3985 /* XCRemoteSwiftPackageReference "firebase-ios-sdk" */ = {
			isa = XCRemoteSwiftPackageReference;
			repositoryURL = "https://github.com/firebase/firebase-ios-sdk";
			requirement = {
				kind = upToNextMajorVersion;
				minimumVersion = 10.26.0;
			};
		};
/* End XCRemoteSwiftPackageReference section */

/* Begin XCSwiftPackageProductDependency section */
		F585EBEC2C05765D001F3985 /* FirebaseAnalyticsSwift */ = {
			isa = XCSwiftPackageProductDependency;
			package = F585EBEB2C05765D001F3985 /* XCRemoteSwiftPackageReference "firebase-ios-sdk" */;
			productName = FirebaseAnalyticsSwift;
		};
		F585EBEE2C05765D001F3985 /* FirebaseAuth */ = {
			isa = XCSwiftPackageProductDependency;
			package = F585EBEB2C05765D001F3985 /* XCRemoteSwiftPackageReference "firebase-ios-sdk" */;
			productName = FirebaseAuth;
		};
		F585EBF02C05765D001F3985 /* FirebaseCrashlytics */ = {
			isa = XCSwiftPackageProductDependency;
			package = F585EBEB2C05765D001F3985 /* XCRemoteSwiftPackageReference "firebase-ios-sdk" */;
			productName = FirebaseCrashlytics;
		};
		F585EBF22C05765D001F3985 /* FirebaseFirestoreSwift */ = {
			isa = XCSwiftPackageProductDependency;
			package = F585EBEB2C05765D001F3985 /* XCRemoteSwiftPackageReference "firebase-ios-sdk" */;
			productName = FirebaseFirestoreSwift;
		};
		F585EBF42C05765D001F3985 /* FirebaseMessaging */ = {
			isa = XCSwiftPackageProductDependency;
			package = F585EBEB2C05765D001F3985 /* XCRemoteSwiftPackageReference "firebase-ios-sdk" */;
			productName = FirebaseMessaging;
		};
		F585EBF62C05765D001F3985 /* FirebaseStorage */ = {
			isa = XCSwiftPackageProductDependency;
			package = F585EBEB2C05765D001F3985 /* XCRemoteSwiftPackageReference "firebase-ios-sdk" */;
			productName = FirebaseStorage;
		};
/* End XCSwiftPackageProductDependency section */
	};
	rootObject = F58C01AE2C037744001D76F0 /* Project object */;
}
